
Microsoft Visual Studio Solution File, Format Version 12.00
# Visual Studio Version 17
VisualStudioVersion = 17.12.35527.113 d17.12
MinimumVisualStudioVersion = 10.0.40219.1
Project("{FAE04EC0-301F-11D3-BF4B-00C04F79EFBC}") = "TiendaServicios.Api.Libro", "TiendaServicios.Api.Libro\TiendaServicios.Api.Libro.csproj", "{9F5CB08A-6083-497D-A0E7-8EADFA6E661C}"
EndProject
Global
	GlobalSection(SolutionConfigurationPlatforms) = preSolution
		Debug|Any CPU = Debug|Any CPU
		Release|Any CPU = Release|Any CPU
	EndGlobalSection
	GlobalSection(ProjectConfigurationPlatforms) = postSolution
		{9F5CB08A-6083-497D-A0E7-8EADFA6E661C}.Debug|Any CPU.ActiveCfg = Debug|Any CPU
		{9F5CB08A-6083-497D-A0E7-8EADFA6E661C}.Debug|Any CPU.Build.0 = Debug|Any CPU
		{9F5CB08A-6083-497D-A0E7-8EADFA6E661C}.Release|Any CPU.ActiveCfg = Release|Any CPU
		{9F5CB08A-6083-497D-A0E7-8EADFA6E661C}.Release|Any CPU.Build.0 = Release|Any CPU
	EndGlobalSection
	GlobalSection(SolutionProperties) = preSolution
		HideSolutionNode = FALSE
	EndGlobalSection
EndGlobal
